
Microsoft Visual Studio Solution File, Format Version 12.00
# Visual Studio Version 17
VisualStudioVersion = 17.4.33213.308
MinimumVisualStudioVersion = 10.0.40219.1
Project("{9A19103F-16F7-4668-BE54-9A1E7A4F7556}") = "SunSeeker", "SunSeeker.csproj", "{21A77990-332B-478D-BE7B-40B329287553}"
EndProject
Global
	GlobalSection(SolutionConfigurationPlatforms) = preSolution
		Debug|Any CPU = Debug|Any CPU
		Release|Any CPU = Release|Any CPU
	EndGlobalSection
	GlobalSection(ProjectConfigurationPlatforms) = postSolution
		{21A77990-332B-478D-BE7B-40B329287553}.Debug|Any CPU.ActiveCfg = Debug|Any CPU
		{21A77990-332B-478D-BE7B-40B329287553}.Debug|Any CPU.Build.0 = Debug|Any CPU
		{21A77990-332B-478D-BE7B-40B329287553}.Release|Any CPU.ActiveCfg = Release|Any CPU
		{21A77990-332B-478D-BE7B-40B329287553}.Release|Any CPU.Build.0 = Release|Any CPU
	EndGlobalSection
	GlobalSection(SolutionProperties) = preSolution
		HideSolutionNode = FALSE
	EndGlobalSection
	GlobalSection(ExtensibilityGlobals) = postSolution
		SolutionGuid = {455449FB-802A-4206-9CCB-012AB6D115D2}
	EndGlobalSection
EndGlobal
